
Microsoft Visual Studio Solution File, Format Version 12.00
# Visual Studio Version 17
VisualStudioVersion = 17.7.34221.43
MinimumVisualStudioVersion = 10.0.40219.1
Project("{FAE04EC0-301F-11D3-BF4B-00C04F79EFBC}") = "GearOverGold", "GearOverGold\GearOverGold.csproj", "{CFB8188C-722E-45B3-88BE-EF8B0EB13EE1}"
EndProject
Global
	GlobalSection(SolutionConfigurationPlatforms) = preSolution
		Debug|Any CPU = Debug|Any CPU
		Release|Any CPU = Release|Any CPU
	EndGlobalSection
	GlobalSection(ProjectConfigurationPlatforms) = postSolution
		{CFB8188C-722E-45B3-88BE-EF8B0EB13EE1}.Debug|Any CPU.ActiveCfg = Debug|Any CPU
		{CFB8188C-722E-45B3-88BE-EF8B0EB13EE1}.Debug|Any CPU.Build.0 = Debug|Any CPU
		{CFB8188C-722E-45B3-88BE-EF8B0EB13EE1}.Release|Any CPU.ActiveCfg = Release|Any CPU
		{CFB8188C-722E-45B3-88BE-EF8B0EB13EE1}.Release|Any CPU.Build.0 = Release|Any CPU
	EndGlobalSection
	GlobalSection(SolutionProperties) = preSolution
		HideSolutionNode = FALSE
	EndGlobalSection
	GlobalSection(ExtensibilityGlobals) = postSolution
		SolutionGuid = {CE6D0FE9-E359-4387-B6EC-83D508C36344}
	EndGlobalSection
EndGlobal
